{
  "name": "dear_petition",
  "version": "0.1.0",
  "lockfileVersion": 1,
  "requires": true,
  "dependencies": {
    "reaktus": {
      "version": "0.1.6",
      "resolved": "https://registry.npmjs.org/reaktus/-/reaktus-0.1.6.tgz",
      "integrity": "sha512-T9aqzdYjvdLIPOmZpOJvN5+JldnIobooTd/+YymnWiyqa85v77/wAVXLZ37qNy2hWfubtDGD0A6T9ogm5LH/XA=="
    }
  }
}
